<Solution>
  <Folder Name="/src/">
    <Project Path="src/ArsExtractum.Core/ArsExtractum.Core.csproj" />
    <Project Path="src/ArsExtractum.PdfPig/ArsExtractum.PdfPig.csproj" />
    <Project Path="src/ArsExtractum.Runtime/ArsExtractum.Runtime.csproj" />
    <Project Path="src/ArsExtractum.App/ArsExtractum.App.csproj" />
    <Project Path="src/ArsExtractum.UserApp/ArsExtractum.UserApp.csproj" />
  </Folder>
  <Folder Name="/tests/">
    <Project Path="tests/ArsExtractum.Tests/ArsExtractum.Tests.csproj" />
  </Folder>
</Solution>
